
Microsoft Visual Studio Solution File, Format Version 12.00
# Visual Studio Version 17
VisualStudioVersion = 17.13.35913.81 d17.13
MinimumVisualStudioVersion = 10.0.40219.1
Project("{8BC9CEB8-8B4A-11D0-8D11-00A0C91BC942}") = "Homework one", "Homework one\Homework one.vcxproj", "{FEDC92CA-9C95-4DDF-9DAA-043C55B608F2}"
EndProject
Global
	GlobalSection(SolutionConfigurationPlatforms) = preSolution
		Debug|x64 = Debug|x64
		Debug|x86 = Debug|x86
		Release|x64 = Release|x64
		Release|x86 = Release|x86
	EndGlobalSection
	GlobalSection(ProjectConfigurationPlatforms) = postSolution
		{FEDC92CA-9C95-4DDF-9DAA-043C55B608F2}.Debug|x64.ActiveCfg = Debug|x64
		{FEDC92CA-9C95-4DDF-9DAA-043C55B608F2}.Debug|x64.Build.0 = Debug|x64
		{FEDC92CA-9C95-4DDF-9DAA-043C55B608F2}.Debug|x86.ActiveCfg = Debug|Win32
		{FEDC92CA-9C95-4DDF-9DAA-043C55B608F2}.Debug|x86.Build.0 = Debug|Win32
		{FEDC92CA-9C95-4DDF-9DAA-043C55B608F2}.Release|x64.ActiveCfg = Release|x64
		{FEDC92CA-9C95-4DDF-9DAA-043C55B608F2}.Release|x64.Build.0 = Release|x64
		{FEDC92CA-9C95-4DDF-9DAA-043C55B608F2}.Release|x86.ActiveCfg = Release|Win32
		{FEDC92CA-9C95-4DDF-9DAA-043C55B608F2}.Release|x86.Build.0 = Release|Win32
	EndGlobalSection
	GlobalSection(SolutionProperties) = preSolution
		HideSolutionNode = FALSE
	EndGlobalSection
	GlobalSection(ExtensibilityGlobals) = postSolution
		SolutionGuid = {B70DFEDD-7C18-4F3F-81F7-E50F2CB3DF2E}
	EndGlobalSection
EndGlobal
