
Microsoft Visual Studio Solution File, Format Version 12.00
# Visual Studio Version 17
VisualStudioVersion = 17.13.35913.81 d17.13
MinimumVisualStudioVersion = 10.0.40219.1
Project("{8BC9CEB8-8B4A-11D0-8D11-00A0C91BC942}") = "2- Structure Time (tm)", "2- Structure Time (tm)\2- Structure Time (tm).vcxproj", "{144D4A4A-FB43-4B8D-A9DC-58FADA7442C6}"
EndProject
Global
	GlobalSection(SolutionConfigurationPlatforms) = preSolution
		Debug|x64 = Debug|x64
		Debug|x86 = Debug|x86
		Release|x64 = Release|x64
		Release|x86 = Release|x86
	EndGlobalSection
	GlobalSection(ProjectConfigurationPlatforms) = postSolution
		{144D4A4A-FB43-4B8D-A9DC-58FADA7442C6}.Debug|x64.ActiveCfg = Debug|x64
		{144D4A4A-FB43-4B8D-A9DC-58FADA7442C6}.Debug|x64.Build.0 = Debug|x64
		{144D4A4A-FB43-4B8D-A9DC-58FADA7442C6}.Debug|x86.ActiveCfg = Debug|Win32
		{144D4A4A-FB43-4B8D-A9DC-58FADA7442C6}.Debug|x86.Build.0 = Debug|Win32
		{144D4A4A-FB43-4B8D-A9DC-58FADA7442C6}.Release|x64.ActiveCfg = Release|x64
		{144D4A4A-FB43-4B8D-A9DC-58FADA7442C6}.Release|x64.Build.0 = Release|x64
		{144D4A4A-FB43-4B8D-A9DC-58FADA7442C6}.Release|x86.ActiveCfg = Release|Win32
		{144D4A4A-FB43-4B8D-A9DC-58FADA7442C6}.Release|x86.Build.0 = Release|Win32
	EndGlobalSection
	GlobalSection(SolutionProperties) = preSolution
		HideSolutionNode = FALSE
	EndGlobalSection
	GlobalSection(ExtensibilityGlobals) = postSolution
		SolutionGuid = {D519EDCF-AD1D-4DC3-9F6F-19CC943E5B09}
	EndGlobalSection
EndGlobal
